
Microsoft Visual Studio Solution File, Format Version 12.00
# Visual Studio 15
VisualStudioVersion = 15.0.28307.168
MinimumVisualStudioVersion = 10.0.40219.1
Project("{FAE04EC0-301F-11D3-BF4B-00C04F79EFBC}") = "NumberSeparation", "NumberSeparation\NumberSeparation.csproj", "{812C6B29-5A99-4953-98B7-11862E7EA7FA}"
EndProject
Global
	GlobalSection(SolutionConfigurationPlatforms) = preSolution
		Debug|Any CPU = Debug|Any CPU
		Release|Any CPU = Release|Any CPU
	EndGlobalSection
	GlobalSection(ProjectConfigurationPlatforms) = postSolution
		{812C6B29-5A99-4953-98B7-11862E7EA7FA}.Debug|Any CPU.ActiveCfg = Debug|Any CPU
		{812C6B29-5A99-4953-98B7-11862E7EA7FA}.Debug|Any CPU.Build.0 = Debug|Any CPU
		{812C6B29-5A99-4953-98B7-11862E7EA7FA}.Release|Any CPU.ActiveCfg = Release|Any CPU
		{812C6B29-5A99-4953-98B7-11862E7EA7FA}.Release|Any CPU.Build.0 = Release|Any CPU
	EndGlobalSection
	GlobalSection(SolutionProperties) = preSolution
		HideSolutionNode = FALSE
	EndGlobalSection
	GlobalSection(ExtensibilityGlobals) = postSolution
		SolutionGuid = {C4AC089B-09A0-4DBC-B2FE-F1F8435A624F}
	EndGlobalSection
EndGlobal
