
Microsoft Visual Studio Solution File, Format Version 12.00
# Visual Studio 15
VisualStudioVersion = 15.0.28307.168
MinimumVisualStudioVersion = 10.0.40219.1
Project("{FAE04EC0-301F-11D3-BF4B-00C04F79EFBC}") = "TimesTable", "TimesTable\TimesTable.csproj", "{9E364616-FEA8-471F-A4AE-D08F1DE0617F}"
EndProject
Global
	GlobalSection(SolutionConfigurationPlatforms) = preSolution
		Debug|Any CPU = Debug|Any CPU
		Release|Any CPU = Release|Any CPU
	EndGlobalSection
	GlobalSection(ProjectConfigurationPlatforms) = postSolution
		{9E364616-FEA8-471F-A4AE-D08F1DE0617F}.Debug|Any CPU.ActiveCfg = Debug|Any CPU
		{9E364616-FEA8-471F-A4AE-D08F1DE0617F}.Debug|Any CPU.Build.0 = Debug|Any CPU
		{9E364616-FEA8-471F-A4AE-D08F1DE0617F}.Release|Any CPU.ActiveCfg = Release|Any CPU
		{9E364616-FEA8-471F-A4AE-D08F1DE0617F}.Release|Any CPU.Build.0 = Release|Any CPU
	EndGlobalSection
	GlobalSection(SolutionProperties) = preSolution
		HideSolutionNode = FALSE
	EndGlobalSection
	GlobalSection(ExtensibilityGlobals) = postSolution
		SolutionGuid = {E279B1A6-F9C1-46A3-8C03-1BADAB22B95B}
	EndGlobalSection
EndGlobal
