
Microsoft Visual Studio Solution File, Format Version 12.00
# Visual Studio 15
VisualStudioVersion = 15.0.28307.168
MinimumVisualStudioVersion = 10.0.40219.1
Project("{FAE04EC0-301F-11D3-BF4B-00C04F79EFBC}") = "StockMarket.API", "StockMarket.API\StockMarket.API.csproj", "{1FEE0C28-40B5-4028-9229-4FC44680AC4B}"
EndProject
Project("{FAE04EC0-301F-11D3-BF4B-00C04F79EFBC}") = "StockMarket.Data", "StockMarket.Data\StockMarket.Data.csproj", "{004A745C-8A50-44D6-9E77-7EE89C3A568C}"
EndProject
Global
	GlobalSection(SolutionConfigurationPlatforms) = preSolution
		Debug|Any CPU = Debug|Any CPU
		Release|Any CPU = Release|Any CPU
	EndGlobalSection
	GlobalSection(ProjectConfigurationPlatforms) = postSolution
		{1FEE0C28-40B5-4028-9229-4FC44680AC4B}.Debug|Any CPU.ActiveCfg = Debug|Any CPU
		{1FEE0C28-40B5-4028-9229-4FC44680AC4B}.Debug|Any CPU.Build.0 = Debug|Any CPU
		{1FEE0C28-40B5-4028-9229-4FC44680AC4B}.Release|Any CPU.ActiveCfg = Release|Any CPU
		{1FEE0C28-40B5-4028-9229-4FC44680AC4B}.Release|Any CPU.Build.0 = Release|Any CPU
		{004A745C-8A50-44D6-9E77-7EE89C3A568C}.Debug|Any CPU.ActiveCfg = Debug|Any CPU
		{004A745C-8A50-44D6-9E77-7EE89C3A568C}.Debug|Any CPU.Build.0 = Debug|Any CPU
		{004A745C-8A50-44D6-9E77-7EE89C3A568C}.Release|Any CPU.ActiveCfg = Release|Any CPU
		{004A745C-8A50-44D6-9E77-7EE89C3A568C}.Release|Any CPU.Build.0 = Release|Any CPU
	EndGlobalSection
	GlobalSection(SolutionProperties) = preSolution
		HideSolutionNode = FALSE
	EndGlobalSection
	GlobalSection(ExtensibilityGlobals) = postSolution
		SolutionGuid = {E5E6D613-1B39-49CD-B420-A289BB81335B}
	EndGlobalSection
EndGlobal
