
Microsoft Visual Studio Solution File, Format Version 12.00
# Visual Studio 15
VisualStudioVersion = 15.0.28307.168
MinimumVisualStudioVersion = 10.0.40219.1
Project("{FAE04EC0-301F-11D3-BF4B-00C04F79EFBC}") = "BanglaWash", "BanglaWash\BanglaWash.csproj", "{12E59D68-2317-457A-AA0C-023CD6F6ABB1}"
EndProject
Global
	GlobalSection(SolutionConfigurationPlatforms) = preSolution
		Debug|Any CPU = Debug|Any CPU
		Release|Any CPU = Release|Any CPU
	EndGlobalSection
	GlobalSection(ProjectConfigurationPlatforms) = postSolution
		{12E59D68-2317-457A-AA0C-023CD6F6ABB1}.Debug|Any CPU.ActiveCfg = Debug|Any CPU
		{12E59D68-2317-457A-AA0C-023CD6F6ABB1}.Debug|Any CPU.Build.0 = Debug|Any CPU
		{12E59D68-2317-457A-AA0C-023CD6F6ABB1}.Release|Any CPU.ActiveCfg = Release|Any CPU
		{12E59D68-2317-457A-AA0C-023CD6F6ABB1}.Release|Any CPU.Build.0 = Release|Any CPU
	EndGlobalSection
	GlobalSection(SolutionProperties) = preSolution
		HideSolutionNode = FALSE
	EndGlobalSection
	GlobalSection(ExtensibilityGlobals) = postSolution
		SolutionGuid = {D03901EB-BE4F-429E-BBA1-EE6B6E7B92DB}
	EndGlobalSection
EndGlobal
